// !$*UTF8*$!
{
    archiveVersion = 1;
    classes = {
    };
    objectVersion = 56;
    objects = {

/* Begin PBXBuildFile section */
        ED0000000000000000000201 /* MEDApp.swift in Sources */ = {isa = PBXBuildFile; fileRef = ED0000000000000000000101 /* MEDApp.swift */; };
        ED0000000000000000000202 /* Lecture.swift in Sources */ = {isa = PBXBuildFile; fileRef = ED0000000000000000000102 /* Lecture.swift */; };
        ED0000000000000000000203 /* Instructor.swift in Sources */ = {isa = PBXBuildFile; fileRef = ED0000000000000000000103 /* Instructor.swift */; };
        ED0000000000000000000204 /* Committee.swift in Sources */ = {isa = PBXBuildFile; fileRef = ED0000000000000000000104 /* Committee.swift */; };
        ED0000000000000000000205 /* Tag.swift in Sources */ = {isa = PBXBuildFile; fileRef = ED0000000000000000000105 /* Tag.swift */; };
        ED0000000000000000000206 /* LectureFile.swift in Sources */ = {isa = PBXBuildFile; fileRef = ED0000000000000000000106 /* LectureFile.swift */; };
        ED0000000000000000000207 /* TimeOfDay.swift in Sources */ = {isa = PBXBuildFile; fileRef = ED0000000000000000000107 /* TimeOfDay.swift */; };
        ED0000000000000000000208 /* Color+Hex.swift in Sources */ = {isa = PBXBuildFile; fileRef = ED0000000000000000000108 /* Color+Hex.swift */; };
        ED0000000000000000000209 /* ContentView.swift in Sources */ = {isa = PBXBuildFile; fileRef = ED0000000000000000000109 /* ContentView.swift */; };
        ED000000000000000000020A /* LectureListView.swift in Sources */ = {isa = PBXBuildFile; fileRef = ED000000000000000000010A /* LectureListView.swift */; };
        ED000000000000000000020C /* SearchText.swift in Sources */ = {isa = PBXBuildFile; fileRef = ED000000000000000000010C /* SearchText.swift */; };
        ED000000000000000000020D /* ModelContext+FindOrCreate.swift in Sources */ = {isa = PBXBuildFile; fileRef = ED000000000000000000010D /* ModelContext+FindOrCreate.swift */; };
        ED000000000000000000020E /* NameSuggestField.swift in Sources */ = {isa = PBXBuildFile; fileRef = ED000000000000000000010E /* NameSuggestField.swift */; };
        ED000000000000000000020F /* Chip.swift in Sources */ = {isa = PBXBuildFile; fileRef = ED000000000000000000010F /* Chip.swift */; };
        ED0000000000000000000210 /* LectureEditor.swift in Sources */ = {isa = PBXBuildFile; fileRef = ED0000000000000000000110 /* LectureEditor.swift */; };
        ED0000000000000000000211 /* LectureDetailView.swift in Sources */ = {isa = PBXBuildFile; fileRef = ED0000000000000000000111 /* LectureDetailView.swift */; };
        ED0000000000000000000212 /* NewLectureSheet.swift in Sources */ = {isa = PBXBuildFile; fileRef = ED0000000000000000000112 /* NewLectureSheet.swift */; };
/* End PBXBuildFile section */

/* Begin PBXFileReference section */
        ED0000000000000000000005 /* MED.app */ = {isa = PBXFileReference; explicitFileType = wrapper.application; includeInIndex = 0; path = MED.app; sourceTree = BUILT_PRODUCTS_DIR; };
        ED0000000000000000000101 /* MEDApp.swift */ = {isa = PBXFileReference; lastKnownFileType = sourcecode.swift; path = MEDApp.swift; sourceTree = "<group>"; };
        ED0000000000000000000102 /* Lecture.swift */ = {isa = PBXFileReference; lastKnownFileType = sourcecode.swift; path = Lecture.swift; sourceTree = "<group>"; };
        ED0000000000000000000103 /* Instructor.swift */ = {isa = PBXFileReference; lastKnownFileType = sourcecode.swift; path = Instructor.swift; sourceTree = "<group>"; };
        ED0000000000000000000104 /* Committee.swift */ = {isa = PBXFileReference; lastKnownFileType = sourcecode.swift; path = Committee.swift; sourceTree = "<group>"; };
        ED0000000000000000000105 /* Tag.swift */ = {isa = PBXFileReference; lastKnownFileType = sourcecode.swift; path = Tag.swift; sourceTree = "<group>"; };
        ED0000000000000000000106 /* LectureFile.swift */ = {isa = PBXFileReference; lastKnownFileType = sourcecode.swift; path = LectureFile.swift; sourceTree = "<group>"; };
        ED0000000000000000000107 /* TimeOfDay.swift */ = {isa = PBXFileReference; lastKnownFileType = sourcecode.swift; path = TimeOfDay.swift; sourceTree = "<group>"; };
        ED0000000000000000000108 /* Color+Hex.swift */ = {isa = PBXFileReference; lastKnownFileType = sourcecode.swift; path = "Color+Hex.swift"; sourceTree = "<group>"; };
        ED0000000000000000000109 /* ContentView.swift */ = {isa = PBXFileReference; lastKnownFileType = sourcecode.swift; path = ContentView.swift; sourceTree = "<group>"; };
        ED000000000000000000010A /* LectureListView.swift */ = {isa = PBXFileReference; lastKnownFileType = sourcecode.swift; path = LectureListView.swift; sourceTree = "<group>"; };
        ED000000000000000000010C /* SearchText.swift */ = {isa = PBXFileReference; lastKnownFileType = sourcecode.swift; path = SearchText.swift; sourceTree = "<group>"; };
        ED000000000000000000010D /* ModelContext+FindOrCreate.swift */ = {isa = PBXFileReference; lastKnownFileType = sourcecode.swift; path = "ModelContext+FindOrCreate.swift"; sourceTree = "<group>"; };
        ED000000000000000000010E /* NameSuggestField.swift */ = {isa = PBXFileReference; lastKnownFileType = sourcecode.swift; path = NameSuggestField.swift; sourceTree = "<group>"; };
        ED000000000000000000010F /* Chip.swift */ = {isa = PBXFileReference; lastKnownFileType = sourcecode.swift; path = Chip.swift; sourceTree = "<group>"; };
        ED0000000000000000000110 /* LectureEditor.swift */ = {isa = PBXFileReference; lastKnownFileType = sourcecode.swift; path = LectureEditor.swift; sourceTree = "<group>"; };
        ED0000000000000000000111 /* LectureDetailView.swift */ = {isa = PBXFileReference; lastKnownFileType = sourcecode.swift; path = LectureDetailView.swift; sourceTree = "<group>"; };
        ED0000000000000000000112 /* NewLectureSheet.swift */ = {isa = PBXFileReference; lastKnownFileType = sourcecode.swift; path = NewLectureSheet.swift; sourceTree = "<group>"; };
/* End PBXFileReference section */

/* Begin PBXFrameworksBuildPhase section */
        ED0000000000000000000007 /* Frameworks */ = {
            isa = PBXFrameworksBuildPhase;
            buildActionMask = 2147483647;
            files = (
            );
            runOnlyForDeploymentPostprocessing = 0;
        };
/* End PBXFrameworksBuildPhase section */

/* Begin PBXGroup section */
        ED0000000000000000000002 = {
            isa = PBXGroup;
            children = (
                ED0000000000000000000010 /* MED */,
                ED0000000000000000000003 /* Products */,
            );
            sourceTree = "<group>";
        };
        ED0000000000000000000003 /* Products */ = {
            isa = PBXGroup;
            children = (
                ED0000000000000000000005 /* MED.app */,
            );
            name = Products;
            sourceTree = "<group>";
        };
        ED0000000000000000000010 /* MED */ = {
            isa = PBXGroup;
            children = (
                ED0000000000000000000101 /* MEDApp.swift */,
                ED0000000000000000000011 /* Models */,
                ED0000000000000000000012 /* Views */,
                ED0000000000000000000013 /* Support */,
            );
            path = MED;
            sourceTree = "<group>";
        };
        ED0000000000000000000011 /* Models */ = {
            isa = PBXGroup;
            children = (
                ED0000000000000000000102 /* Lecture.swift */,
                ED0000000000000000000103 /* Instructor.swift */,
                ED0000000000000000000104 /* Committee.swift */,
                ED0000000000000000000105 /* Tag.swift */,
                ED0000000000000000000106 /* LectureFile.swift */,
            );
            path = Models;
            sourceTree = "<group>";
        };
        ED0000000000000000000012 /* Views */ = {
            isa = PBXGroup;
            children = (
                ED0000000000000000000014 /* Components */,
                ED0000000000000000000110 /* LectureEditor.swift */,
                ED0000000000000000000111 /* LectureDetailView.swift */,
                ED0000000000000000000112 /* NewLectureSheet.swift */,
                ED0000000000000000000109 /* ContentView.swift */,
                ED000000000000000000010A /* LectureListView.swift */,
            );
            path = Views;
            sourceTree = "<group>";
        };
        ED0000000000000000000013 /* Support */ = {
            isa = PBXGroup;
            children = (
                ED000000000000000000010C /* SearchText.swift */,
                ED000000000000000000010D /* ModelContext+FindOrCreate.swift */,
                ED0000000000000000000107 /* TimeOfDay.swift */,
                ED0000000000000000000108 /* Color+Hex.swift */,
            );
            path = Support;
            sourceTree = "<group>";
        };
        ED0000000000000000000014 /* Components */ = {
            isa = PBXGroup;
            children = (
                ED000000000000000000010E /* NameSuggestField.swift */,
                ED000000000000000000010F /* Chip.swift */,
            );
            path = Components;
            sourceTree = "<group>";
        };
/* End PBXGroup section */

/* Begin PBXNativeTarget section */
        ED0000000000000000000004 /* MED */ = {
            isa = PBXNativeTarget;
            buildConfigurationList = ED000000000000000000000C /* Build configuration list for PBXNativeTarget "MED" */;
            buildPhases = (
                ED0000000000000000000006 /* Sources */,
                ED0000000000000000000007 /* Frameworks */,
                ED0000000000000000000008 /* Resources */,
            );
            buildRules = (
            );
            dependencies = (
            );
            name = MED;
            productName = MED;
            productReference = ED0000000000000000000005 /* MED.app */;
            productType = "com.apple.product-type.application";
        };
/* End PBXNativeTarget section */

/* Begin PBXProject section */
        ED0000000000000000000001 /* Project object */ = {
            isa = PBXProject;
            attributes = {
                BuildIndependentTargetsInParallel = 1;
                LastSwiftUpdateCheck = 1500;
                LastUpgradeCheck = 1500;
                TargetAttributes = {
                    ED0000000000000000000004 = {
                        CreatedOnToolsVersion = 15.0;
                    };
                };
            };
            buildConfigurationList = ED0000000000000000000009 /* Build configuration list for PBXProject "MED" */;
            compatibilityVersion = "Xcode 14.0";
            developmentRegion = en;
            hasScannedForEncodings = 0;
            knownRegions = (
                en,
                Base,
            );
            mainGroup = ED0000000000000000000002;
            productRefGroup = ED0000000000000000000003 /* Products */;
            projectDirPath = "";
            projectRoot = "";
            targets = (
                ED0000000000000000000004 /* MED */,
            );
        };
/* End PBXProject section */

/* Begin PBXResourcesBuildPhase section */
        ED0000000000000000000008 /* Resources */ = {
            isa = PBXResourcesBuildPhase;
            buildActionMask = 2147483647;
            files = (
            );
            runOnlyForDeploymentPostprocessing = 0;
        };
/* End PBXResourcesBuildPhase section */

/* Begin PBXSourcesBuildPhase section */
        ED0000000000000000000006 /* Sources */ = {
            isa = PBXSourcesBuildPhase;
            buildActionMask = 2147483647;
            files = (
                ED0000000000000000000202 /* Lecture.swift in Sources */,
                ED0000000000000000000203 /* Instructor.swift in Sources */,
                ED0000000000000000000204 /* Committee.swift in Sources */,
                ED0000000000000000000205 /* Tag.swift in Sources */,
                ED0000000000000000000206 /* LectureFile.swift in Sources */,
                ED0000000000000000000207 /* TimeOfDay.swift in Sources */,
                ED0000000000000000000208 /* Color+Hex.swift in Sources */,
                ED0000000000000000000201 /* MEDApp.swift in Sources */,
                ED0000000000000000000209 /* ContentView.swift in Sources */,
                ED000000000000000000020A /* LectureListView.swift in Sources */,
                ED000000000000000000020C /* SearchText.swift in Sources */,
                ED000000000000000000020D /* ModelContext+FindOrCreate.swift in Sources */,
                ED000000000000000000020E /* NameSuggestField.swift in Sources */,
                ED000000000000000000020F /* Chip.swift in Sources */,
                ED0000000000000000000210 /* LectureEditor.swift in Sources */,
                ED0000000000000000000211 /* LectureDetailView.swift in Sources */,
                ED0000000000000000000212 /* NewLectureSheet.swift in Sources */,
            );
            runOnlyForDeploymentPostprocessing = 0;
        };
/* End PBXSourcesBuildPhase section */

/* Begin XCBuildConfiguration section */
        ED000000000000000000000A /* Debug */ = {
            isa = XCBuildConfiguration;
            buildSettings = {
                ALWAYS_SEARCH_USER_PATHS = NO;
                CLANG_ANALYZER_NONNULL = YES;
                CLANG_ENABLE_MODULES = YES;
                CLANG_ENABLE_OBJC_ARC = YES;
                COPY_PHASE_STRIP = NO;
                DEBUG_INFORMATION_FORMAT = dwarf;
                ENABLE_STRICT_OBJC_MSGSEND = YES;
                ENABLE_TESTABILITY = YES;
                GCC_C_LANGUAGE_STANDARD = gnu17;
                GCC_DYNAMIC_NO_PIC = NO;
                GCC_NO_COMMON_BLOCKS = YES;
                GCC_OPTIMIZATION_LEVEL = 0;
                GCC_PREPROCESSOR_DEFINITIONS = (
                    "DEBUG=1",
                    "$(inherited)",
                );
                MACOSX_DEPLOYMENT_TARGET = 14.0;
                MTL_ENABLE_DEBUG_INFO = INCLUDE_SOURCE;
                MTL_FAST_MATH = YES;
                ONLY_ACTIVE_ARCH = YES;
                SDKROOT = macosx;
                SWIFT_ACTIVE_COMPILATION_CONDITIONS = DEBUG;
                SWIFT_OPTIMIZATION_LEVEL = "-Onone";
            };
            name = Debug;
        };
        ED000000000000000000000B /* Release */ = {
            isa = XCBuildConfiguration;
            buildSettings = {
                ALWAYS_SEARCH_USER_PATHS = NO;
                CLANG_ANALYZER_NONNULL = YES;
                CLANG_ENABLE_MODULES = YES;
                CLANG_ENABLE_OBJC_ARC = YES;
                COPY_PHASE_STRIP = NO;
                DEBUG_INFORMATION_FORMAT = "dwarf-with-dsym";
                ENABLE_NS_ASSERTIONS = NO;
                ENABLE_STRICT_OBJC_MSGSEND = YES;
                GCC_C_LANGUAGE_STANDARD = gnu17;
                GCC_NO_COMMON_BLOCKS = YES;
                MACOSX_DEPLOYMENT_TARGET = 14.0;
                MTL_ENABLE_DEBUG_INFO = NO;
                MTL_FAST_MATH = YES;
                SDKROOT = macosx;
                SWIFT_COMPILATION_MODE = wholemodule;
                SWIFT_OPTIMIZATION_LEVEL = "-O";
            };
            name = Release;
        };
        ED000000000000000000000D /* Debug */ = {
            isa = XCBuildConfiguration;
            buildSettings = {
                CODE_SIGN_IDENTITY = "-";
                CODE_SIGN_STYLE = Manual;
                COMBINE_HIDPI_IMAGES = YES;
                CURRENT_PROJECT_VERSION = 1;
                DEVELOPMENT_TEAM = "";
                ENABLE_HARDENED_RUNTIME = NO;
                ENABLE_PREVIEWS = YES;
                GENERATE_INFOPLIST_FILE = YES;
                INFOPLIST_KEY_NSHumanReadableCopyright = "";
                LD_RUNPATH_SEARCH_PATHS = (
                    "$(inherited)",
                    "@executable_path/../Frameworks",
                );
                MACOSX_DEPLOYMENT_TARGET = 14.0;
                MARKETING_VERSION = 1.0;
                PRODUCT_BUNDLE_IDENTIFIER = com.turkeer.MED;
                PRODUCT_NAME = "$(TARGET_NAME)";
                PROVISIONING_PROFILE_SPECIFIER = "";
                SWIFT_EMIT_LOC_STRINGS = YES;
                SWIFT_VERSION = 5.0;
            };
            name = Debug;
        };
        ED000000000000000000000E /* Release */ = {
            isa = XCBuildConfiguration;
            buildSettings = {
                CODE_SIGN_IDENTITY = "-";
                CODE_SIGN_STYLE = Manual;
                COMBINE_HIDPI_IMAGES = YES;
                CURRENT_PROJECT_VERSION = 1;
                DEVELOPMENT_TEAM = "";
                ENABLE_HARDENED_RUNTIME = NO;
                ENABLE_PREVIEWS = YES;
                GENERATE_INFOPLIST_FILE = YES;
                INFOPLIST_KEY_NSHumanReadableCopyright = "";
                LD_RUNPATH_SEARCH_PATHS = (
                    "$(inherited)",
                    "@executable_path/../Frameworks",
                );
                MACOSX_DEPLOYMENT_TARGET = 14.0;
                MARKETING_VERSION = 1.0;
                PRODUCT_BUNDLE_IDENTIFIER = com.turkeer.MED;
                PRODUCT_NAME = "$(TARGET_NAME)";
                PROVISIONING_PROFILE_SPECIFIER = "";
                SWIFT_EMIT_LOC_STRINGS = YES;
                SWIFT_VERSION = 5.0;
            };
            name = Release;
        };
/* End XCBuildConfiguration section */

/* Begin XCConfigurationList section */
        ED0000000000000000000009 /* Build configuration list for PBXProject "MED" */ = {
            isa = XCConfigurationList;
            buildConfigurations = (
                ED000000000000000000000A /* Debug */,
                ED000000000000000000000B /* Release */,
            );
            defaultConfigurationIsVisible = 0;
            defaultConfigurationName = Release;
        };
        ED000000000000000000000C /* Build configuration list for PBXNativeTarget "MED" */ = {
            isa = XCConfigurationList;
            buildConfigurations = (
                ED000000000000000000000D /* Debug */,
                ED000000000000000000000E /* Release */,
            );
            defaultConfigurationIsVisible = 0;
            defaultConfigurationName = Release;
        };
/* End XCConfigurationList section */
    };
    rootObject = ED0000000000000000000001 /* Project object */;
}
